
Microsoft Visual Studio Solution File, Format Version 12.00
# Visual Studio Version 16
VisualStudioVersion = 16.0.31112.23
MinimumVisualStudioVersion = 10.0.40219.1
Project("{9A19103F-16F7-4668-BE54-9A1E7A4F7556}") = "courseApi", "courseApi.csproj", "{4B72620D-C764-45E5-8C88-D1B4597C8000}"
EndProject
Global
	GlobalSection(SolutionConfigurationPlatforms) = preSolution
		Debug|Any CPU = Debug|Any CPU
		Release|Any CPU = Release|Any CPU
	EndGlobalSection
	GlobalSection(ProjectConfigurationPlatforms) = postSolution
		{4B72620D-C764-45E5-8C88-D1B4597C8000}.Debug|Any CPU.ActiveCfg = Debug|Any CPU
		{4B72620D-C764-45E5-8C88-D1B4597C8000}.Debug|Any CPU.Build.0 = Debug|Any CPU
		{4B72620D-C764-45E5-8C88-D1B4597C8000}.Release|Any CPU.ActiveCfg = Release|Any CPU
		{4B72620D-C764-45E5-8C88-D1B4597C8000}.Release|Any CPU.Build.0 = Release|Any CPU
	EndGlobalSection
	GlobalSection(SolutionProperties) = preSolution
		HideSolutionNode = FALSE
	EndGlobalSection
	GlobalSection(ExtensibilityGlobals) = postSolution
		SolutionGuid = {BFC0257F-F1F5-4231-9577-BE39568C22F0}
	EndGlobalSection
EndGlobal
